
Microsoft Visual Studio Solution File, Format Version 12.00
# Visual Studio Version 16
VisualStudioVersion = 16.0.31624.102
MinimumVisualStudioVersion = 10.0.40219.1
Project("{FAE04EC0-301F-11D3-BF4B-00C04F79EFBC}") = "AbilityScoreTester", "AbilityScoreTester.csproj", "{1CB80745-4C2B-4341-AE6C-C7D15936ED14}"
EndProject
Global
	GlobalSection(SolutionConfigurationPlatforms) = preSolution
		Debug|Any CPU = Debug|Any CPU
		Release|Any CPU = Release|Any CPU
	EndGlobalSection
	GlobalSection(ProjectConfigurationPlatforms) = postSolution
		{1CB80745-4C2B-4341-AE6C-C7D15936ED14}.Debug|Any CPU.ActiveCfg = Debug|Any CPU
		{1CB80745-4C2B-4341-AE6C-C7D15936ED14}.Debug|Any CPU.Build.0 = Debug|Any CPU
		{1CB80745-4C2B-4341-AE6C-C7D15936ED14}.Release|Any CPU.ActiveCfg = Release|Any CPU
		{1CB80745-4C2B-4341-AE6C-C7D15936ED14}.Release|Any CPU.Build.0 = Release|Any CPU
	EndGlobalSection
	GlobalSection(SolutionProperties) = preSolution
		HideSolutionNode = FALSE
	EndGlobalSection
	GlobalSection(ExtensibilityGlobals) = postSolution
		SolutionGuid = {2984ECD1-8069-4C89-BBF3-EF8C47D4246C}
	EndGlobalSection
EndGlobal
